Microsoft Visual Studio Solution File, Format Version 12.00
# Visual Studio Version 17
VisualStudioVersion = 17.5.2.0
MinimumVisualStudioVersion = 10.0.40219.1
Project("{FAE04EC0-301F-11D3-BF4B-00C04F79EFBC}") = "semana04", "semana04.csproj", "{37F6DCCD-6A4A-28C5-0D0D-28FF34DF99B6}"
EndProject
Global
	GlobalSection(SolutionConfigurationPlatforms) = preSolution
		Debug|Any CPU = Debug|Any CPU
		Release|Any CPU = Release|Any CPU
	EndGlobalSection
	GlobalSection(ProjectConfigurationPlatforms) = postSolution
		{37F6DCCD-6A4A-28C5-0D0D-28FF34DF99B6}.Debug|Any CPU.ActiveCfg = Debug|Any CPU
		{37F6DCCD-6A4A-28C5-0D0D-28FF34DF99B6}.Debug|Any CPU.Build.0 = Debug|Any CPU
		{37F6DCCD-6A4A-28C5-0D0D-28FF34DF99B6}.Release|Any CPU.ActiveCfg = Release|Any CPU
		{37F6DCCD-6A4A-28C5-0D0D-28FF34DF99B6}.Release|Any CPU.Build.0 = Release|Any CPU
	EndGlobalSection
	GlobalSection(SolutionProperties) = preSolution
		HideSolutionNode = FALSE
	EndGlobalSection
	GlobalSection(ExtensibilityGlobals) = postSolution
		SolutionGuid = {403E7066-8E61-4DCA-9100-42E1941B024C}
	EndGlobalSection
EndGlobal
